
Microsoft Visual Studio Solution File, Format Version 12.00
# Visual Studio Version 17
VisualStudioVersion = 17.1.32328.378
MinimumVisualStudioVersion = 10.0.40219.1
Project("{FAE04EC0-301F-11D3-BF4B-00C04F79EFBC}") = "ConsoleApp1", "ConsoleApp1\ConsoleApp1.csproj", "{8F5DC4DC-1E0B-4788-A67D-802620B0AA0E}"
EndProject
Project("{FAE04EC0-301F-11D3-BF4B-00C04F79EFBC}") = "Homework2", "Homework2\Homework2.csproj", "{15B0E1D6-314C-463C-83DF-2293A6A53678}"
EndProject
Project("{FAE04EC0-301F-11D3-BF4B-00C04F79EFBC}") = "ИНКРЕМЕНТ И ДЕКРЕМЕНТ", "ИНКРЕМЕНТ И ДЕКРЕМЕНТ\ИНКРЕМЕНТ И ДЕКРЕМЕНТ.csproj", "{968D7CF5-BE28-45B1-8A87-4B5E2F3C03E6}"
EndProject
Project("{FAE04EC0-301F-11D3-BF4B-00C04F79EFBC}") = "IF ELSE", "IF ELSE\IF ELSE.csproj", "{19DD5F6F-F49B-4BB7-8FD3-C90B43224A01}"
EndProject
Project("{FAE04EC0-301F-11D3-BF4B-00C04F79EFBC}") = "ЛОГИЧЕСКИЕ ОПЕРАТОРЫ", "ЛОГИЧЕСКИЕ ОПЕРАТОРЫ\ЛОГИЧЕСКИЕ ОПЕРАТОРЫ.csproj", "{21985DA6-1576-4113-901E-272526D55B30}"
EndProject
Project("{FAE04EC0-301F-11D3-BF4B-00C04F79EFBC}") = "Homework IF ELSE", "Homework IF ELSE\Homework IF ELSE.csproj", "{0D246D9D-D33E-4B08-840B-6D99FCC0563D}"
EndProject
Project("{FAE04EC0-301F-11D3-BF4B-00C04F79EFBC}") = "SWITCH", "SWITCH\SWITCH.csproj", "{A261C1DD-2B93-404A-9357-74A91F0D2E0B}"
EndProject
Project("{FAE04EC0-301F-11D3-BF4B-00C04F79EFBC}") = "Homework calculator", "Homework calculator\Homework calculator.csproj", "{977832F3-1ED4-4E60-81FA-E23310FF67EB}"
EndProject
Project("{FAE04EC0-301F-11D3-BF4B-00C04F79EFBC}") = "ЦИКЛ WHILE", "ЦИКЛ WHILE\ЦИКЛ WHILE.csproj", "{A056651B-6021-4E96-8740-F3BF135C41B1}"
EndProject
Project("{FAE04EC0-301F-11D3-BF4B-00C04F79EFBC}") = "Homework 4 ЦИКЛ WHILE", "ЦИКЛ WHILE Homework\Homework 4 ЦИКЛ WHILE.csproj", "{A0F1FEE7-05D0-4AF1-A4B0-6F15BD0EA410}"
EndProject
Project("{FAE04EC0-301F-11D3-BF4B-00C04F79EFBC}") = "ЦИКЛ DO WHILE", "ЦИКЛ DO WHILE\ЦИКЛ DO WHILE.csproj", "{891EE3B8-6E46-4B37-BAD3-367FC87BB87D}"
EndProject
Project("{FAE04EC0-301F-11D3-BF4B-00C04F79EFBC}") = "18  ЦИКЛ FOR", "18  ЦИКЛ FOR\18  ЦИКЛ FOR.csproj", "{0449ECCD-02AC-46B1-8129-CFE630E62494}"
EndProject
Project("{FAE04EC0-301F-11D3-BF4B-00C04F79EFBC}") = "19 ЦИКЛ FOR  В ОБРАТНОМ ПОРЯДКЕ", "19 ЦИКЛ FOR  В ОБРАТНОМ ПОРЯДКЕ\19 ЦИКЛ FOR  В ОБРАТНОМ ПОРЯДКЕ.csproj", "{EFCE60E9-9782-4215-AFB9-CDDF9FC3FC22}"
EndProject
Project("{FAE04EC0-301F-11D3-BF4B-00C04F79EFBC}") = "20 КЛЮЧЕВОЕ СЛОВО BREAK  ОПЕРАТОР BREAK", "20 КЛЮЧЕВОЕ СЛОВО BREAK  ОПЕРАТОР BREAK\20 КЛЮЧЕВОЕ СЛОВО BREAK  ОПЕРАТОР BREAK.csproj", "{D7C7C4E0-D0E6-4EE5-8D86-BD14005079B9}"
EndProject
Project("{FAE04EC0-301F-11D3-BF4B-00C04F79EFBC}") = "20 КЛЮЧЕВОЕ СЛОВО CONTINUE", "КЛЮЧЕВОЕ СЛОВО CONTINUE\20 КЛЮЧЕВОЕ СЛОВО CONTINUE.csproj", "{0C13EC63-A085-4C93-99E0-66C3376B7936}"
EndProject
Project("{FAE04EC0-301F-11D3-BF4B-00C04F79EFBC}") = "22 ВЛОЖЕННЫЕ ЦИКЛЫ", "22 ВЛОЖЕННЫЕ ЦИКЛЫ\22 ВЛОЖЕННЫЕ ЦИКЛЫ.csproj", "{D0CDED3A-29C1-42EA-AA8D-6636BE227480}"
EndProject
Project("{FAE04EC0-301F-11D3-BF4B-00C04F79EFBC}") = "ConsoleApp2", "ConsoleApp2\ConsoleApp2.csproj", "{4011B037-6ADE-4E42-9DCA-87B8FEE1B7E7}"
EndProject
Project("{FAE04EC0-301F-11D3-BF4B-00C04F79EFBC}") = "22 ДЗ треугольники", "22 Примеры вложенных массивов\22 ДЗ треугольники.csproj", "{A9E42771-3072-4AB0-97A0-DDF6C7EB7EBC}"
EndProject
Project("{FAE04EC0-301F-11D3-BF4B-00C04F79EFBC}") = "23 Тернарный оператор", "23 Тернарный оператор\23 Тернарный оператор.csproj", "{28C27AA9-0A4F-44C9-AE59-A201CE12FE85}"
EndProject
Project("{FAE04EC0-301F-11D3-BF4B-00C04F79EFBC}") = "24 ЧТО ТАКОЕ МАССИВЫ ОДНОМЕРНЫЙ МАССИВ", "24 ЧТО ТАКОЕ МАССИВЫ ОДНОМЕРНЫЙ МАССИВ\24 ЧТО ТАКОЕ МАССИВЫ ОДНОМЕРНЫЙ МАССИВ.csproj", "{5731FA1C-5F5F-45A2-9906-7008E6D158A5}"
EndProject
Project("{FAE04EC0-301F-11D3-BF4B-00C04F79EFBC}") = "25 ИНИЦИАЛИЗАЦИЯ МАССИВА", "25 ИНИЦИАЛИЗАЦИЯ МАССИВА\25 ИНИЦИАЛИЗАЦИЯ МАССИВА.csproj", "{E4AC04F6-38C0-46C5-866F-1C1DD7637277}"
EndProject
Project("{FAE04EC0-301F-11D3-BF4B-00C04F79EFBC}") = "26 МАССИВЫ И ЦИКЛЫ", "26 МАССИВЫ И ЦИКЛЫ\26 МАССИВЫ И ЦИКЛЫ.csproj", "{F7E99A87-1818-4240-B777-7D25F7941F40}"
EndProject
Project("{FAE04EC0-301F-11D3-BF4B-00C04F79EFBC}") = "27 КАК РАБОТАТЬ С МАССИВАМИ НА САМОМ ДЕЛЕ", "27 КАК РАБОТАТЬ С МАССИВАМИ НА САМОМ ДЕЛЕ\27 КАК РАБОТАТЬ С МАССИВАМИ НА САМОМ ДЕЛЕ.csproj", "{EA90E408-5379-445D-BD68-0BBF2354A5DF}"
EndProject
Global
	GlobalSection(SolutionConfigurationPlatforms) = preSolution
		Debug|Any CPU = Debug|Any CPU
		Release|Any CPU = Release|Any CPU
	EndGlobalSection
	GlobalSection(ProjectConfigurationPlatforms) = postSolution
		{8F5DC4DC-1E0B-4788-A67D-802620B0AA0E}.Debug|Any CPU.ActiveCfg = Debug|Any CPU
		{8F5DC4DC-1E0B-4788-A67D-802620B0AA0E}.Debug|Any CPU.Build.0 = Debug|Any CPU
		{8F5DC4DC-1E0B-4788-A67D-802620B0AA0E}.Release|Any CPU.ActiveCfg = Release|Any CPU
		{8F5DC4DC-1E0B-4788-A67D-802620B0AA0E}.Release|Any CPU.Build.0 = Release|Any CPU
		{15B0E1D6-314C-463C-83DF-2293A6A53678}.Debug|Any CPU.ActiveCfg = Debug|Any CPU
		{15B0E1D6-314C-463C-83DF-2293A6A53678}.Debug|Any CPU.Build.0 = Debug|Any CPU
		{15B0E1D6-314C-463C-83DF-2293A6A53678}.Release|Any CPU.ActiveCfg = Release|Any CPU
		{15B0E1D6-314C-463C-83DF-2293A6A53678}.Release|Any CPU.Build.0 = Release|Any CPU
		{968D7CF5-BE28-45B1-8A87-4B5E2F3C03E6}.Debug|Any CPU.ActiveCfg = Debug|Any CPU
		{968D7CF5-BE28-45B1-8A87-4B5E2F3C03E6}.Debug|Any CPU.Build.0 = Debug|Any CPU
		{968D7CF5-BE28-45B1-8A87-4B5E2F3C03E6}.Release|Any CPU.ActiveCfg = Release|Any CPU
		{968D7CF5-BE28-45B1-8A87-4B5E2F3C03E6}.Release|Any CPU.Build.0 = Release|Any CPU
		{19DD5F6F-F49B-4BB7-8FD3-C90B43224A01}.Debug|Any CPU.ActiveCfg = Debug|Any CPU
		{19DD5F6F-F49B-4BB7-8FD3-C90B43224A01}.Debug|Any CPU.Build.0 = Debug|Any CPU
		{19DD5F6F-F49B-4BB7-8FD3-C90B43224A01}.Release|Any CPU.ActiveCfg = Release|Any CPU
		{19DD5F6F-F49B-4BB7-8FD3-C90B43224A01}.Release|Any CPU.Build.0 = Release|Any CPU
		{21985DA6-1576-4113-901E-272526D55B30}.Debug|Any CPU.ActiveCfg = Debug|Any CPU
		{21985DA6-1576-4113-901E-272526D55B30}.Debug|Any CPU.Build.0 = Debug|Any CPU
		{21985DA6-1576-4113-901E-272526D55B30}.Release|Any CPU.ActiveCfg = Release|Any CPU
		{21985DA6-1576-4113-901E-272526D55B30}.Release|Any CPU.Build.0 = Release|Any CPU
		{0D246D9D-D33E-4B08-840B-6D99FCC0563D}.Debug|Any CPU.ActiveCfg = Debug|Any CPU
		{0D246D9D-D33E-4B08-840B-6D99FCC0563D}.Debug|Any CPU.Build.0 = Debug|Any CPU
		{0D246D9D-D33E-4B08-840B-6D99FCC0563D}.Release|Any CPU.ActiveCfg = Release|Any CPU
		{0D246D9D-D33E-4B08-840B-6D99FCC0563D}.Release|Any CPU.Build.0 = Release|Any CPU
		{A261C1DD-2B93-404A-9357-74A91F0D2E0B}.Debug|Any CPU.ActiveCfg = Debug|Any CPU
		{A261C1DD-2B93-404A-9357-74A91F0D2E0B}.Debug|Any CPU.Build.0 = Debug|Any CPU
		{A261C1DD-2B93-404A-9357-74A91F0D2E0B}.Release|Any CPU.ActiveCfg = Release|Any CPU
		{A261C1DD-2B93-404A-9357-74A91F0D2E0B}.Release|Any CPU.Build.0 = Release|Any CPU
		{977832F3-1ED4-4E60-81FA-E23310FF67EB}.Debug|Any CPU.ActiveCfg = Debug|Any CPU
		{977832F3-1ED4-4E60-81FA-E23310FF67EB}.Debug|Any CPU.Build.0 = Debug|Any CPU
		{977832F3-1ED4-4E60-81FA-E23310FF67EB}.Release|Any CPU.ActiveCfg = Release|Any CPU
		{977832F3-1ED4-4E60-81FA-E23310FF67EB}.Release|Any CPU.Build.0 = Release|Any CPU
		{A056651B-6021-4E96-8740-F3BF135C41B1}.Debug|Any CPU.ActiveCfg = Debug|Any CPU
		{A056651B-6021-4E96-8740-F3BF135C41B1}.Debug|Any CPU.Build.0 = Debug|Any CPU
		{A056651B-6021-4E96-8740-F3BF135C41B1}.Release|Any CPU.ActiveCfg = Release|Any CPU
		{A056651B-6021-4E96-8740-F3BF135C41B1}.Release|Any CPU.Build.0 = Release|Any CPU
		{A0F1FEE7-05D0-4AF1-A4B0-6F15BD0EA410}.Debug|Any CPU.ActiveCfg = Debug|Any CPU
		{A0F1FEE7-05D0-4AF1-A4B0-6F15BD0EA410}.Debug|Any CPU.Build.0 = Debug|Any CPU
		{A0F1FEE7-05D0-4AF1-A4B0-6F15BD0EA410}.Release|Any CPU.ActiveCfg = Release|Any CPU
		{A0F1FEE7-05D0-4AF1-A4B0-6F15BD0EA410}.Release|Any CPU.Build.0 = Release|Any CPU
		{891EE3B8-6E46-4B37-BAD3-367FC87BB87D}.Debug|Any CPU.ActiveCfg = Debug|Any CPU
		{891EE3B8-6E46-4B37-BAD3-367FC87BB87D}.Debug|Any CPU.Build.0 = Debug|Any CPU
		{891EE3B8-6E46-4B37-BAD3-367FC87BB87D}.Release|Any CPU.ActiveCfg = Release|Any CPU
		{891EE3B8-6E46-4B37-BAD3-367FC87BB87D}.Release|Any CPU.Build.0 = Release|Any CPU
		{0449ECCD-02AC-46B1-8129-CFE630E62494}.Debug|Any CPU.ActiveCfg = Debug|Any CPU
		{0449ECCD-02AC-46B1-8129-CFE630E62494}.Debug|Any CPU.Build.0 = Debug|Any CPU
		{0449ECCD-02AC-46B1-8129-CFE630E62494}.Release|Any CPU.ActiveCfg = Release|Any CPU
		{0449ECCD-02AC-46B1-8129-CFE630E62494}.Release|Any CPU.Build.0 = Release|Any CPU
		{EFCE60E9-9782-4215-AFB9-CDDF9FC3FC22}.Debug|Any CPU.ActiveCfg = Debug|Any CPU
		{EFCE60E9-9782-4215-AFB9-CDDF9FC3FC22}.Debug|Any CPU.Build.0 = Debug|Any CPU
		{EFCE60E9-9782-4215-AFB9-CDDF9FC3FC22}.Release|Any CPU.ActiveCfg = Release|Any CPU
		{EFCE60E9-9782-4215-AFB9-CDDF9FC3FC22}.Release|Any CPU.Build.0 = Release|Any CPU
		{D7C7C4E0-D0E6-4EE5-8D86-BD14005079B9}.Debug|Any CPU.ActiveCfg = Debug|Any CPU
		{D7C7C4E0-D0E6-4EE5-8D86-BD14005079B9}.Debug|Any CPU.Build.0 = Debug|Any CPU
		{D7C7C4E0-D0E6-4EE5-8D86-BD14005079B9}.Release|Any CPU.ActiveCfg = Release|Any CPU
		{D7C7C4E0-D0E6-4EE5-8D86-BD14005079B9}.Release|Any CPU.Build.0 = Release|Any CPU
		{0C13EC63-A085-4C93-99E0-66C3376B7936}.Debug|Any CPU.ActiveCfg = Debug|Any CPU
		{0C13EC63-A085-4C93-99E0-66C3376B7936}.Debug|Any CPU.Build.0 = Debug|Any CPU
		{0C13EC63-A085-4C93-99E0-66C3376B7936}.Release|Any CPU.ActiveCfg = Release|Any CPU
		{0C13EC63-A085-4C93-99E0-66C3376B7936}.Release|Any CPU.Build.0 = Release|Any CPU
		{D0CDED3A-29C1-42EA-AA8D-6636BE227480}.Debug|Any CPU.ActiveCfg = Debug|Any CPU
		{D0CDED3A-29C1-42EA-AA8D-6636BE227480}.Debug|Any CPU.Build.0 = Debug|Any CPU
		{D0CDED3A-29C1-42EA-AA8D-6636BE227480}.Release|Any CPU.ActiveCfg = Release|Any CPU
		{D0CDED3A-29C1-42EA-AA8D-6636BE227480}.Release|Any CPU.Build.0 = Release|Any CPU
		{4011B037-6ADE-4E42-9DCA-87B8FEE1B7E7}.Debug|Any CPU.ActiveCfg = Debug|Any CPU
		{4011B037-6ADE-4E42-9DCA-87B8FEE1B7E7}.Debug|Any CPU.Build.0 = Debug|Any CPU
		{4011B037-6ADE-4E42-9DCA-87B8FEE1B7E7}.Release|Any CPU.ActiveCfg = Release|Any CPU
		{4011B037-6ADE-4E42-9DCA-87B8FEE1B7E7}.Release|Any CPU.Build.0 = Release|Any CPU
		{A9E42771-3072-4AB0-97A0-DDF6C7EB7EBC}.Debug|Any CPU.ActiveCfg = Debug|Any CPU
		{A9E42771-3072-4AB0-97A0-DDF6C7EB7EBC}.Debug|Any CPU.Build.0 = Debug|Any CPU
		{A9E42771-3072-4AB0-97A0-DDF6C7EB7EBC}.Release|Any CPU.ActiveCfg = Release|Any CPU
		{A9E42771-3072-4AB0-97A0-DDF6C7EB7EBC}.Release|Any CPU.Build.0 = Release|Any CPU
		{28C27AA9-0A4F-44C9-AE59-A201CE12FE85}.Debug|Any CPU.ActiveCfg = Debug|Any CPU
		{28C27AA9-0A4F-44C9-AE59-A201CE12FE85}.Debug|Any CPU.Build.0 = Debug|Any CPU
		{28C27AA9-0A4F-44C9-AE59-A201CE12FE85}.Release|Any CPU.ActiveCfg = Release|Any CPU
		{28C27AA9-0A4F-44C9-AE59-A201CE12FE85}.Release|Any CPU.Build.0 = Release|Any CPU
		{5731FA1C-5F5F-45A2-9906-7008E6D158A5}.Debug|Any CPU.ActiveCfg = Debug|Any CPU
		{5731FA1C-5F5F-45A2-9906-7008E6D158A5}.Debug|Any CPU.Build.0 = Debug|Any CPU
		{5731FA1C-5F5F-45A2-9906-7008E6D158A5}.Release|Any CPU.ActiveCfg = Release|Any CPU
		{5731FA1C-5F5F-45A2-9906-7008E6D158A5}.Release|Any CPU.Build.0 = Release|Any CPU
		{E4AC04F6-38C0-46C5-866F-1C1DD7637277}.Debug|Any CPU.ActiveCfg = Debug|Any CPU
		{E4AC04F6-38C0-46C5-866F-1C1DD7637277}.Debug|Any CPU.Build.0 = Debug|Any CPU
		{E4AC04F6-38C0-46C5-866F-1C1DD7637277}.Release|Any CPU.ActiveCfg = Release|Any CPU
		{E4AC04F6-38C0-46C5-866F-1C1DD7637277}.Release|Any CPU.Build.0 = Release|Any CPU
		{F7E99A87-1818-4240-B777-7D25F7941F40}.Debug|Any CPU.ActiveCfg = Debug|Any CPU
		{F7E99A87-1818-4240-B777-7D25F7941F40}.Debug|Any CPU.Build.0 = Debug|Any CPU
		{F7E99A87-1818-4240-B777-7D25F7941F40}.Release|Any CPU.ActiveCfg = Release|Any CPU
		{F7E99A87-1818-4240-B777-7D25F7941F40}.Release|Any CPU.Build.0 = Release|Any CPU
		{EA90E408-5379-445D-BD68-0BBF2354A5DF}.Debug|Any CPU.ActiveCfg = Debug|Any CPU
		{EA90E408-5379-445D-BD68-0BBF2354A5DF}.Debug|Any CPU.Build.0 = Debug|Any CPU
		{EA90E408-5379-445D-BD68-0BBF2354A5DF}.Release|Any CPU.ActiveCfg = Release|Any CPU
		{EA90E408-5379-445D-BD68-0BBF2354A5DF}.Release|Any CPU.Build.0 = Release|Any CPU
	EndGlobalSection
	GlobalSection(SolutionProperties) = preSolution
		HideSolutionNode = FALSE
	EndGlobalSection
	GlobalSection(ExtensibilityGlobals) = postSolution
		SolutionGuid = {DA72DABE-88C7-48F3-A65A-A524422C64CE}
	EndGlobalSection
EndGlobal
